
Microsoft Visual Studio Solution File, Format Version 12.00
# Visual Studio 15
VisualStudioVersion = 15.0.28010.2016
MinimumVisualStudioVersion = 10.0.40219.1
Project("{FAE04EC0-301F-11D3-BF4B-00C04F79EFBC}") = "CoachApp", "CoachApp\CoachApp.csproj", "{0237270D-B7F8-4EA1-952B-6F268E203786}"
EndProject
Global
	GlobalSection(SolutionConfigurationPlatforms) = preSolution
		Debug|Any CPU = Debug|Any CPU
		Release|Any CPU = Release|Any CPU
	EndGlobalSection
	GlobalSection(ProjectConfigurationPlatforms) = postSolution
		{0237270D-B7F8-4EA1-952B-6F268E203786}.Debug|Any CPU.ActiveCfg = Debug|Any CPU
		{0237270D-B7F8-4EA1-952B-6F268E203786}.Debug|Any CPU.Build.0 = Debug|Any CPU
		{0237270D-B7F8-4EA1-952B-6F268E203786}.Release|Any CPU.ActiveCfg = Release|Any CPU
		{0237270D-B7F8-4EA1-952B-6F268E203786}.Release|Any CPU.Build.0 = Release|Any CPU
	EndGlobalSection
	GlobalSection(SolutionProperties) = preSolution
		HideSolutionNode = FALSE
	EndGlobalSection
	GlobalSection(ExtensibilityGlobals) = postSolution
		SolutionGuid = {44133473-EB73-491C-AEC1-AB1FA7F13083}
	EndGlobalSection
EndGlobal
